
Microsoft Visual Studio Solution File, Format Version 12.00
# Visual Studio 2012
Project("{F2A71F9B-5D33-465A-A702-920D77279786}") = "FSharp.Enterprise.Tests", "tests\FSharp.Enterprise.Tests\FSharp.Enterprise.Tests.fsproj", "{98D9310B-EE26-469A-B5D1-A74603E4B4B0}"
EndProject
Project("{F2A71F9B-5D33-465A-A702-920D77279786}") = "FSharp.Enterprise.RabbitMq", "src\FSharp.Enterprise.RabbitMQ\FSharp.Enterprise.RabbitMq.fsproj", "{8D0564AD-9D1B-4BE9-A1BC-9ECD72718635}"
EndProject
Project("{F2A71F9B-5D33-465A-A702-920D77279786}") = "FSharp.Enterprise", "src\FSharp.Enterprise\FSharp.Enterprise.fsproj", "{4B0E0921-545E-4470-98D0-F13D8AABB248}"
EndProject
Project("{2150E333-8FDC-42A3-9474-1A3956D46DE8}") = "Samples", "Samples", "{32F64F0C-25A1-46F5-ABF5-1100CC5B4DFD}"
	ProjectSection(SolutionItems) = preProject
		samples\Agent.fsx = samples\Agent.fsx
		samples\Channel.fsx = samples\Channel.fsx
		samples\DateTime.fsx = samples\DateTime.fsx
		samples\Environment.fsx = samples\Environment.fsx
		samples\FSharpEnterprise.fsx = samples\FSharpEnterprise.fsx
		samples\RabbitMq.Channel.fsx = samples\RabbitMq.Channel.fsx
		samples\RabbitMq.PubSub.fsx = samples\RabbitMq.PubSub.fsx
		samples\RabbitMq.RPC.fsx = samples\RabbitMq.RPC.fsx
		samples\Serialisation.fsx = samples\Serialisation.fsx
	EndProjectSection
EndProject
Project("{2150E333-8FDC-42A3-9474-1A3956D46DE8}") = "Build", "Build", "{4441218F-2FE2-4B41-9A4A-EE241D2CB415}"
	ProjectSection(SolutionItems) = preProject
		build.cmd = build.cmd
		build.fsx = build.fsx
		builddocs.fsx = builddocs.fsx
		FSharp.Enterprise.nuspec = FSharp.Enterprise.nuspec
		build\template.html = build\template.html
	EndProjectSection
EndProject
Global
	GlobalSection(SolutionConfigurationPlatforms) = preSolution
		Debug|Any CPU = Debug|Any CPU
		Debug|x64 = Debug|x64
		Debug|x86 = Debug|x86
		Release|Any CPU = Release|Any CPU
		Release|x64 = Release|x64
		Release|x86 = Release|x86
	EndGlobalSection
	GlobalSection(ProjectConfigurationPlatforms) = postSolution
		{98D9310B-EE26-469A-B5D1-A74603E4B4B0}.Debug|Any CPU.ActiveCfg = Debug|Any CPU
		{98D9310B-EE26-469A-B5D1-A74603E4B4B0}.Debug|Any CPU.Build.0 = Debug|Any CPU
		{98D9310B-EE26-469A-B5D1-A74603E4B4B0}.Debug|x64.ActiveCfg = Debug|Any CPU
		{98D9310B-EE26-469A-B5D1-A74603E4B4B0}.Debug|x86.ActiveCfg = Debug|Any CPU
		{98D9310B-EE26-469A-B5D1-A74603E4B4B0}.Release|Any CPU.ActiveCfg = Release|Any CPU
		{98D9310B-EE26-469A-B5D1-A74603E4B4B0}.Release|Any CPU.Build.0 = Release|Any CPU
		{98D9310B-EE26-469A-B5D1-A74603E4B4B0}.Release|x64.ActiveCfg = Release|Any CPU
		{98D9310B-EE26-469A-B5D1-A74603E4B4B0}.Release|x86.ActiveCfg = Release|Any CPU
		{8D0564AD-9D1B-4BE9-A1BC-9ECD72718635}.Debug|Any CPU.ActiveCfg = Debug|Any CPU
		{8D0564AD-9D1B-4BE9-A1BC-9ECD72718635}.Debug|Any CPU.Build.0 = Debug|Any CPU
		{8D0564AD-9D1B-4BE9-A1BC-9ECD72718635}.Debug|x64.ActiveCfg = Debug|x64
		{8D0564AD-9D1B-4BE9-A1BC-9ECD72718635}.Debug|x64.Build.0 = Debug|x64
		{8D0564AD-9D1B-4BE9-A1BC-9ECD72718635}.Debug|x86.ActiveCfg = Debug|x86
		{8D0564AD-9D1B-4BE9-A1BC-9ECD72718635}.Debug|x86.Build.0 = Debug|x86
		{8D0564AD-9D1B-4BE9-A1BC-9ECD72718635}.Release|Any CPU.ActiveCfg = Release|Any CPU
		{8D0564AD-9D1B-4BE9-A1BC-9ECD72718635}.Release|Any CPU.Build.0 = Release|Any CPU
		{8D0564AD-9D1B-4BE9-A1BC-9ECD72718635}.Release|x64.ActiveCfg = Release|x64
		{8D0564AD-9D1B-4BE9-A1BC-9ECD72718635}.Release|x64.Build.0 = Release|x64
		{8D0564AD-9D1B-4BE9-A1BC-9ECD72718635}.Release|x86.ActiveCfg = Release|x86
		{8D0564AD-9D1B-4BE9-A1BC-9ECD72718635}.Release|x86.Build.0 = Release|x86
		{4B0E0921-545E-4470-98D0-F13D8AABB248}.Debug|Any CPU.ActiveCfg = Debug|Any CPU
		{4B0E0921-545E-4470-98D0-F13D8AABB248}.Debug|Any CPU.Build.0 = Debug|Any CPU
		{4B0E0921-545E-4470-98D0-F13D8AABB248}.Debug|x64.ActiveCfg = Debug|Any CPU
		{4B0E0921-545E-4470-98D0-F13D8AABB248}.Debug|x86.ActiveCfg = Debug|Any CPU
		{4B0E0921-545E-4470-98D0-F13D8AABB248}.Release|Any CPU.ActiveCfg = Release|Any CPU
		{4B0E0921-545E-4470-98D0-F13D8AABB248}.Release|Any CPU.Build.0 = Release|Any CPU
		{4B0E0921-545E-4470-98D0-F13D8AABB248}.Release|x64.ActiveCfg = Release|Any CPU
		{4B0E0921-545E-4470-98D0-F13D8AABB248}.Release|x86.ActiveCfg = Release|Any CPU
	EndGlobalSection
	GlobalSection(SolutionProperties) = preSolution
		HideSolutionNode = FALSE
	EndGlobalSection
EndGlobal
